
Microsoft Visual Studio Solution File, Format Version 12.00
# Visual Studio Version 17
VisualStudioVersion = 17.3.32901.215
MinimumVisualStudioVersion = 10.0.40219.1
Project("{FAE04EC0-301F-11D3-BF4B-00C04F79EFBC}") = "NumConvertion(2)", "NumConvertion(2)\NumConvertion(2).csproj", "{48130100-08F3-42FB-97EF-F3C0092FDDC9}"
EndProject
Global
	GlobalSection(SolutionConfigurationPlatforms) = preSolution
		Debug|Any CPU = Debug|Any CPU
		Release|Any CPU = Release|Any CPU
	EndGlobalSection
	GlobalSection(ProjectConfigurationPlatforms) = postSolution
		{48130100-08F3-42FB-97EF-F3C0092FDDC9}.Debug|Any CPU.ActiveCfg = Debug|Any CPU
		{48130100-08F3-42FB-97EF-F3C0092FDDC9}.Debug|Any CPU.Build.0 = Debug|Any CPU
		{48130100-08F3-42FB-97EF-F3C0092FDDC9}.Release|Any CPU.ActiveCfg = Release|Any CPU
		{48130100-08F3-42FB-97EF-F3C0092FDDC9}.Release|Any CPU.Build.0 = Release|Any CPU
	EndGlobalSection
	GlobalSection(SolutionProperties) = preSolution
		HideSolutionNode = FALSE
	EndGlobalSection
	GlobalSection(ExtensibilityGlobals) = postSolution
		SolutionGuid = {A49C9791-EF50-4146-9B20-CEA40BD5693A}
	EndGlobalSection
EndGlobal
